
Microsoft Visual Studio Solution File, Format Version 12.00
# Visual Studio 15
VisualStudioVersion = 15.0.26730.16
MinimumVisualStudioVersion = 10.0.40219.1
Project("{FAE04EC0-301F-11D3-BF4B-00C04F79EFBC}") = "1", "ListaExercicios\1.csproj", "{5A41A39C-D0DD-4D48-9EA6-40C33AE811C1}"
EndProject
Project("{FAE04EC0-301F-11D3-BF4B-00C04F79EFBC}") = "2", "2\2.csproj", "{ED5BC98F-578E-46A1-A62C-7D14E7BF5E9C}"
EndProject
Global
	GlobalSection(SolutionConfigurationPlatforms) = preSolution
		Debug|Any CPU = Debug|Any CPU
		Release|Any CPU = Release|Any CPU
	EndGlobalSection
	GlobalSection(ProjectConfigurationPlatforms) = postSolution
		{5A41A39C-D0DD-4D48-9EA6-40C33AE811C1}.Debug|Any CPU.ActiveCfg = Debug|Any CPU
		{5A41A39C-D0DD-4D48-9EA6-40C33AE811C1}.Debug|Any CPU.Build.0 = Debug|Any CPU
		{5A41A39C-D0DD-4D48-9EA6-40C33AE811C1}.Release|Any CPU.ActiveCfg = Release|Any CPU
		{5A41A39C-D0DD-4D48-9EA6-40C33AE811C1}.Release|Any CPU.Build.0 = Release|Any CPU
		{ED5BC98F-578E-46A1-A62C-7D14E7BF5E9C}.Debug|Any CPU.ActiveCfg = Debug|Any CPU
		{ED5BC98F-578E-46A1-A62C-7D14E7BF5E9C}.Debug|Any CPU.Build.0 = Debug|Any CPU
		{ED5BC98F-578E-46A1-A62C-7D14E7BF5E9C}.Release|Any CPU.ActiveCfg = Release|Any CPU
		{ED5BC98F-578E-46A1-A62C-7D14E7BF5E9C}.Release|Any CPU.Build.0 = Release|Any CPU
	EndGlobalSection
	GlobalSection(SolutionProperties) = preSolution
		HideSolutionNode = FALSE
	EndGlobalSection
	GlobalSection(ExtensibilityGlobals) = postSolution
		SolutionGuid = {FB70BDAB-6DB6-4180-987C-309386264ABD}
	EndGlobalSection
EndGlobal
